
Microsoft Visual Studio Solution File, Format Version 12.00
# Visual Studio Version 16
VisualStudioVersion = 16.0.31321.278
MinimumVisualStudioVersion = 10.0.40219.1
Project("{9A19103F-16F7-4668-BE54-9A1E7A4F7556}") = "TeachMeSkills.Pigal.Homework2", "src\TeachMeSkills.Pigal.Homework2\TeachMeSkills.Pigal.Homework2.csproj", "{5D9A9179-3A65-4F5C-8A70-EE919380A4E2}"
EndProject
Project("{9A19103F-16F7-4668-BE54-9A1E7A4F7556}") = "TeachMeSkills.Pigal.Homework1", "src\TeachMeSkills.Pigal.Homework1\TeachMeSkills.Pigal.Homework1.csproj", "{71F8F46E-0530-4284-8588-9A89461ABA7F}"
EndProject
Project("{9A19103F-16F7-4668-BE54-9A1E7A4F7556}") = "TeachMeSkills.Pigal.Homework3.1", "src\TeachMeSkills.Pigal.Homework3.1\TeachMeSkills.Pigal.Homework3.1.csproj", "{561AEC9C-5FEB-4584-8EC7-F7957686CE7C}"
EndProject
Project("{9A19103F-16F7-4668-BE54-9A1E7A4F7556}") = "TeachMeSkills.Pigal.Homework3.2", "src\TeachMeSkills.Pigal.Homework3.2\TeachMeSkills.Pigal.Homework3.2.csproj", "{0D634C06-E12E-4B9D-BDEB-15101CAE2FB3}"
EndProject
Project("{9A19103F-16F7-4668-BE54-9A1E7A4F7556}") = "TeachMeSkills.Pigal.Homework3.3", "src\TeachMeSkills.Pigal.Homework3.3\TeachMeSkills.Pigal.Homework3.3.csproj", "{66CD06BE-34D8-4383-A44F-440F957158B2}"
EndProject
Project("{FAE04EC0-301F-11D3-BF4B-00C04F79EFBC}") = "TeachMeSkills.Pigal.Homework4", "TeachMeSkills.Pigal.Homework4\TeachMeSkills.Pigal.Homework4.csproj", "{451D1BCE-3049-4EB4-86A7-7FCE0F647D94}"
EndProject
Global
	GlobalSection(SolutionConfigurationPlatforms) = preSolution
		Debug|Any CPU = Debug|Any CPU
		Release|Any CPU = Release|Any CPU
	EndGlobalSection
	GlobalSection(ProjectConfigurationPlatforms) = postSolution
		{5D9A9179-3A65-4F5C-8A70-EE919380A4E2}.Debug|Any CPU.ActiveCfg = Debug|Any CPU
		{5D9A9179-3A65-4F5C-8A70-EE919380A4E2}.Debug|Any CPU.Build.0 = Debug|Any CPU
		{5D9A9179-3A65-4F5C-8A70-EE919380A4E2}.Release|Any CPU.ActiveCfg = Release|Any CPU
		{5D9A9179-3A65-4F5C-8A70-EE919380A4E2}.Release|Any CPU.Build.0 = Release|Any CPU
		{71F8F46E-0530-4284-8588-9A89461ABA7F}.Debug|Any CPU.ActiveCfg = Debug|Any CPU
		{71F8F46E-0530-4284-8588-9A89461ABA7F}.Debug|Any CPU.Build.0 = Debug|Any CPU
		{71F8F46E-0530-4284-8588-9A89461ABA7F}.Release|Any CPU.ActiveCfg = Release|Any CPU
		{71F8F46E-0530-4284-8588-9A89461ABA7F}.Release|Any CPU.Build.0 = Release|Any CPU
		{561AEC9C-5FEB-4584-8EC7-F7957686CE7C}.Debug|Any CPU.ActiveCfg = Debug|Any CPU
		{561AEC9C-5FEB-4584-8EC7-F7957686CE7C}.Debug|Any CPU.Build.0 = Debug|Any CPU
		{561AEC9C-5FEB-4584-8EC7-F7957686CE7C}.Release|Any CPU.ActiveCfg = Release|Any CPU
		{561AEC9C-5FEB-4584-8EC7-F7957686CE7C}.Release|Any CPU.Build.0 = Release|Any CPU
		{0D634C06-E12E-4B9D-BDEB-15101CAE2FB3}.Debug|Any CPU.ActiveCfg = Debug|Any CPU
		{0D634C06-E12E-4B9D-BDEB-15101CAE2FB3}.Debug|Any CPU.Build.0 = Debug|Any CPU
		{0D634C06-E12E-4B9D-BDEB-15101CAE2FB3}.Release|Any CPU.ActiveCfg = Release|Any CPU
		{0D634C06-E12E-4B9D-BDEB-15101CAE2FB3}.Release|Any CPU.Build.0 = Release|Any CPU
		{66CD06BE-34D8-4383-A44F-440F957158B2}.Debug|Any CPU.ActiveCfg = Debug|Any CPU
		{66CD06BE-34D8-4383-A44F-440F957158B2}.Debug|Any CPU.Build.0 = Debug|Any CPU
		{66CD06BE-34D8-4383-A44F-440F957158B2}.Release|Any CPU.ActiveCfg = Release|Any CPU
		{66CD06BE-34D8-4383-A44F-440F957158B2}.Release|Any CPU.Build.0 = Release|Any CPU
		{451D1BCE-3049-4EB4-86A7-7FCE0F647D94}.Debug|Any CPU.ActiveCfg = Debug|Any CPU
		{451D1BCE-3049-4EB4-86A7-7FCE0F647D94}.Debug|Any CPU.Build.0 = Debug|Any CPU
		{451D1BCE-3049-4EB4-86A7-7FCE0F647D94}.Release|Any CPU.ActiveCfg = Release|Any CPU
		{451D1BCE-3049-4EB4-86A7-7FCE0F647D94}.Release|Any CPU.Build.0 = Release|Any CPU
	EndGlobalSection
	GlobalSection(SolutionProperties) = preSolution
		HideSolutionNode = FALSE
	EndGlobalSection
	GlobalSection(ExtensibilityGlobals) = postSolution
		SolutionGuid = {AB105632-B7A6-40D5-B207-9222236DB2C3}
	EndGlobalSection
EndGlobal
